<Solution>
  <Folder Name="/Backend/">
    <Project Path="Backend/ApiLabNext.Api/ApiLabNext.Api.csproj" />
    <Project Path="Backend/ApiLabNext.Aplication/ApiLabNext.Aplication.csproj" />
    <Project Path="Backend/ApiLabNext.Domain/ApiLabNext.Domain.csproj" />
    <Project Path="Backend/ApiLabNext.Infraestructure/ApiLabNext.Infraestructure.csproj" />
  </Folder>
  <Folder Name="/Tests/" />
</Solution>
